
Microsoft Visual Studio Solution File, Format Version 12.00
# Visual Studio 15
VisualStudioVersion = 15.0.26228.4
MinimumVisualStudioVersion = 10.0.40219.1
Project("{FAE04EC0-301F-11D3-BF4B-00C04F79EFBC}") = "CmsShoppingCart", "CmsShoppingCart\CmsShoppingCart.csproj", "{A2015D2C-C9C1-4893-99F6-327077C1C80A}"
EndProject
Global
	GlobalSection(SolutionConfigurationPlatforms) = preSolution
		Debug|Any CPU = Debug|Any CPU
		Release|Any CPU = Release|Any CPU
	EndGlobalSection
	GlobalSection(ProjectConfigurationPlatforms) = postSolution
		{A2015D2C-C9C1-4893-99F6-327077C1C80A}.Debug|Any CPU.ActiveCfg = Debug|Any CPU
		{A2015D2C-C9C1-4893-99F6-327077C1C80A}.Debug|Any CPU.Build.0 = Debug|Any CPU
		{A2015D2C-C9C1-4893-99F6-327077C1C80A}.Release|Any CPU.ActiveCfg = Release|Any CPU
		{A2015D2C-C9C1-4893-99F6-327077C1C80A}.Release|Any CPU.Build.0 = Release|Any CPU
	EndGlobalSection
	GlobalSection(SolutionProperties) = preSolution
		HideSolutionNode = FALSE
	EndGlobalSection
EndGlobal
